
Microsoft Visual Studio Solution File, Format Version 12.00
# Visual Studio 15
VisualStudioVersion = 15.0.28307.645
MinimumVisualStudioVersion = 10.0.40219.1
Project("{FAE04EC0-301F-11D3-BF4B-00C04F79EFBC}") = "Projet_FINAL_KERVELLA_LAGRANGE_DP", "Projet_FINAL_KERVELLA_LAGRANGE_DP\Projet_FINAL_KERVELLA_LAGRANGE_DP.csproj", "{9FB4A77E-D1D9-4CF2-AF19-2F614619DD00}"
EndProject
Global
	GlobalSection(SolutionConfigurationPlatforms) = preSolution
		Debug|Any CPU = Debug|Any CPU
		Release|Any CPU = Release|Any CPU
	EndGlobalSection
	GlobalSection(ProjectConfigurationPlatforms) = postSolution
		{9FB4A77E-D1D9-4CF2-AF19-2F614619DD00}.Debug|Any CPU.ActiveCfg = Debug|Any CPU
		{9FB4A77E-D1D9-4CF2-AF19-2F614619DD00}.Debug|Any CPU.Build.0 = Debug|Any CPU
		{9FB4A77E-D1D9-4CF2-AF19-2F614619DD00}.Release|Any CPU.ActiveCfg = Release|Any CPU
		{9FB4A77E-D1D9-4CF2-AF19-2F614619DD00}.Release|Any CPU.Build.0 = Release|Any CPU
	EndGlobalSection
	GlobalSection(SolutionProperties) = preSolution
		HideSolutionNode = FALSE
	EndGlobalSection
	GlobalSection(ExtensibilityGlobals) = postSolution
		SolutionGuid = {43D8DA73-FE41-48FD-A44D-351DE76BB72B}
	EndGlobalSection
EndGlobal
